<?xml version="1.0" encoding="utf-8"?>
<Project ToolsVersion="4.0" xmlns="http://schemas.microsoft.com/developer/msbuild/2003">
  <ItemGroup>
    <Filter Include="Source Files">
      <UniqueIdentifier>{4FC737F1-C7A5-4376-A066-2A32D752A2FF}</UniqueIdentifier>
      <Extensions>cpp;c;cc;cxx;def;odl;idl;hpj;bat;asm;asmx</Extensions>
    </Filter>
    <Filter Include="Header Files">
      <UniqueIdentifier>{93995380-89BD-4b04-88EB-625FBE52EBFB}</UniqueIdentifier>
      <Extensions>h;hh;hpp;hxx;hm;inl;inc;ipp;xsd</Extensions>
    </Filter>
    <Filter Include="Resource Files">
      <UniqueIdentifier>{67DA6AB6-F800-4c08-8B7A-83BB121AAD01}</UniqueIdentifier>
      <Extensions>rc;ico;cur;bmp;dlg;rc2;rct;bin;rgs;gif;jpg;jpeg;jpe;resx;tiff;tif;png;wav;mfcribbon-ms</Extensions>
    </Filter>
  </ItemGroup>
  <ItemGroup>
    <ClCompile Include="main.cpp">
      <Filter>Source Files</Filter>
    </ClCompile>
    <ClCompile Include="core\game.cpp">
      <Filter>Source Files</Filter>
    </ClCompile>
    <ClCompile Include="core\assetManager.cpp">
      <Filter>Source Files</Filter>
    </ClCompile>
    <ClCompile Include="core\camera.cpp">
      <Filter>Source Files</Filter>
    </ClCompile>
    <ClCompile Include="core\settings.cpp">
      <Filter>Source Files</Filter>
    </ClCompile>
    <ClCompile Include="scene\dungeonScene.cpp">
      <Filter>Source Files</Filter>
    </ClCompile>
    <ClCompile Include="data\tile.cpp">
      <Filter>Source Files</Filter>
    </ClCompile>
    <ClCompile Include="core\random.cpp">
      <Filter>Source Files</Filter>
    </ClCompile>
    <ClCompile Include="entity\entity.cpp">
      <Filter>Source Files</Filter>
    </ClCompile>
    <ClCompile Include="ui\fpsWindow.cpp">
      <Filter>Source Files</Filter>
    </ClCompile>
    <ClCompile Include="entity\actor.cpp">
      <Filter>Source Files</Filter>
    </ClCompile>
    <ClCompile Include="entity\player.cpp">
      <Filter>Source Files</Filter>
    </ClCompile>
    <ClCompile Include="command\moveCommand.cpp">
      <Filter>Source Files</Filter>
    </ClCompile>
    <ClCompile Include="core\tileMath.cpp">
      <Filter>Source Files</Filter>
    </ClCompile>
    <ClCompile Include="data\statMod.cpp">
      <Filter>Source Files</Filter>
    </ClCompile>
    <ClCompile Include="data\item.cpp">
      <Filter>Source Files</Filter>
    </ClCompile>
    <ClCompile Include="entity\monster.cpp">
      <Filter>Source Files</Filter>
    </ClCompile>
    <ClCompile Include="command\waitCommand.cpp">
      <Filter>Source Files</Filter>
    </ClCompile>
    <ClCompile Include="data\encounterTable.cpp">
      <Filter>Source Files</Filter>
    </ClCompile>
    <ClCompile Include="core\combat.cpp">
      <Filter>Source Files</Filter>
    </ClCompile>
    <ClCompile Include="data\ability.cpp">
      <Filter>Source Files</Filter>
    </ClCompile>
    <ClCompile Include="data\abilityList.cpp">
      <Filter>Source Files</Filter>
    </ClCompile>
    <ClCompile Include="command\abilityCommand.cpp">
      <Filter>Source Files</Filter>
    </ClCompile>
    <ClCompile Include="data\itemList.cpp">
      <Filter>Source Files</Filter>
    </ClCompile>
    <ClCompile Include="ui\playerHUD.cpp">
      <Filter>Source Files</Filter>
    </ClCompile>
    <ClCompile Include="ui\inventory.cpp">
      <Filter>Source Files</Filter>
    </ClCompile>
    <ClCompile Include="data\monsterList.cpp">
      <Filter>Source Files</Filter>
    </ClCompile>
    <ClCompile Include="data\raceList.cpp">
      <Filter>Source Files</Filter>
    </ClCompile>
    <ClCompile Include="entity\loot.cpp">
      <Filter>Source Files</Filter>
    </ClCompile>
    <ClCompile Include="ui\lootWindow.cpp">
      <Filter>Source Files</Filter>
    </ClCompile>
    <ClCompile Include="command\itemCommand.cpp">
      <Filter>Source Files</Filter>
    </ClCompile>
    <ClCompile Include="ui\cursorContainer.cpp">
      <Filter>Source Files</Filter>
    </ClCompile>
    <ClCompile Include="ui\richText.cpp">
      <Filter>Source Files</Filter>
    </ClCompile>
    <ClCompile Include="ui\tooltip.cpp">
      <Filter>Source Files</Filter>
    </ClCompile>
    <ClCompile Include="data\dataString.cpp">
      <Filter>Source Files</Filter>
    </ClCompile>
    <ClCompile Include="ui\spellbook.cpp">
      <Filter>Source Files</Filter>
    </ClCompile>
    <ClCompile Include="data\aura.cpp">
      <Filter>Source Files</Filter>
    </ClCompile>
    <ClCompile Include="data\auraList.cpp">
      <Filter>Source Files</Filter>
    </ClCompile>
    <ClCompile Include="ui\messageLog.cpp">
      <Filter>Source Files</Filter>
    </ClCompile>
    <ClCompile Include="data\dungeonGeneration.cpp">
      <Filter>Source Files</Filter>
    </ClCompile>
    <ClCompile Include="ui\actorHUD.cpp">
      <Filter>Source Files</Filter>
    </ClCompile>
    <ClCompile Include="data\itemWeights.cpp">
      <Filter>Source Files</Filter>
    </ClCompile>
    <ClCompile Include="ui\wordWrap.cpp">
      <Filter>Source Files</Filter>
    </ClCompile>
    <ClCompile Include="ui\rarityColor.cpp">
      <Filter>Source Files</Filter>
    </ClCompile>
    <ClCompile Include="core\records.cpp">
      <Filter>Source Files</Filter>
    </ClCompile>
    <ClCompile Include="ui\statWindow.cpp">
      <Filter>Source Files</Filter>
    </ClCompile>
    <ClCompile Include="ui\learnAbilityWindow.cpp">
      <Filter>Source Files</Filter>
    </ClCompile>
    <ClCompile Include="data\doubleStrike.cpp">
      <Filter>Source Files</Filter>
    </ClCompile>
    <ClCompile Include="ui\button.cpp">
      <Filter>Source Files</Filter>
    </ClCompile>
    <ClCompile Include="entity\shop.cpp">
      <Filter>Source Files</Filter>
    </ClCompile>
    <ClCompile Include="ui\shopWindow.cpp">
      <Filter>Source Files</Filter>
    </ClCompile>
    <ClCompile Include="scene\mainMenuScene.cpp">
      <Filter>Source Files</Filter>
    </ClCompile>
    <ClCompile Include="ui\fctManager.cpp">
      <Filter>Source Files</Filter>
    </ClCompile>
    <ClCompile Include="ui\minimap.cpp">
      <Filter>Source Files</Filter>
    </ClCompile>
    <ClCompile Include="ui\inspectWindow.cpp">
      <Filter>Source Files</Filter>
    </ClCompile>
  </ItemGroup>
  <ItemGroup>
    <ClInclude Include="core\game.hpp">
      <Filter>Header Files</Filter>
    </ClInclude>
    <ClInclude Include="core\assetManager.hpp">
      <Filter>Header Files</Filter>
    </ClInclude>
    <ClInclude Include="core\camera.hpp">
      <Filter>Header Files</Filter>
    </ClInclude>
    <ClInclude Include="core\settings.hpp">
      <Filter>Header Files</Filter>
    </ClInclude>
    <ClInclude Include="scene\dungeonScene.hpp">
      <Filter>Header Files</Filter>
    </ClInclude>
    <ClInclude Include="core\gameState.hpp">
      <Filter>Header Files</Filter>
    </ClInclude>
    <ClInclude Include="data\id\tileID.hpp">
      <Filter>Header Files</Filter>
    </ClInclude>
    <ClInclude Include="data\tile.hpp">
      <Filter>Header Files</Filter>
    </ClInclude>
    <ClInclude Include="core\random.hpp">
      <Filter>Header Files</Filter>
    </ClInclude>
    <ClInclude Include="core\tileMath.hpp">
      <Filter>Header Files</Filter>
    </ClInclude>
    <ClInclude Include="entity\actor.hpp">
      <Filter>Header Files</Filter>
    </ClInclude>
    <ClInclude Include="entity\entity.hpp">
      <Filter>Header Files</Filter>
    </ClInclude>
    <ClInclude Include="ui\fpsWindow.hpp">
      <Filter>Header Files</Filter>
    </ClInclude>
    <ClInclude Include="entity\player.hpp">
      <Filter>Header Files</Filter>
    </ClInclude>
    <ClInclude Include="command\command.hpp">
      <Filter>Header Files</Filter>
    </ClInclude>
    <ClInclude Include="command\moveCommand.hpp">
      <Filter>Header Files</Filter>
    </ClInclude>
    <ClInclude Include="data\id\element.hpp">
      <Filter>Header Files</Filter>
    </ClInclude>
    <ClInclude Include="data\id\category.hpp">
      <Filter>Header Files</Filter>
    </ClInclude>
    <ClInclude Include="data\statMod.hpp">
      <Filter>Header Files</Filter>
    </ClInclude>
    <ClInclude Include="data\id\abilityID.hpp">
      <Filter>Header Files</Filter>
    </ClInclude>
    <ClInclude Include="data\id\auraID.hpp">
      <Filter>Header Files</Filter>
    </ClInclude>
    <ClInclude Include="data\item.hpp">
      <Filter>Header Files</Filter>
    </ClInclude>
    <ClInclude Include="data\id\itemID.hpp">
      <Filter>Header Files</Filter>
    </ClInclude>
    <ClInclude Include="data\id\equipType.hpp">
      <Filter>Header Files</Filter>
    </ClInclude>
    <ClInclude Include="entity\monster.hpp">
      <Filter>Header Files</Filter>
    </ClInclude>
    <ClInclude Include="data\id\monsterID.hpp">
      <Filter>Header Files</Filter>
    </ClInclude>
    <ClInclude Include="data\id\raceID.hpp">
      <Filter>Header Files</Filter>
    </ClInclude>
    <ClInclude Include="core\combat.hpp">
      <Filter>Header Files</Filter>
    </ClInclude>
    <ClInclude Include="command\waitCommand.hpp">
      <Filter>Header Files</Filter>
    </ClInclude>
    <ClInclude Include="data\id\statModType.hpp">
      <Filter>Header Files</Filter>
    </ClInclude>
    <ClInclude Include="data\abilityData.hpp">
      <Filter>Header Files</Filter>
    </ClInclude>
    <ClInclude Include="data\ability.hpp">
      <Filter>Header Files</Filter>
    </ClInclude>
    <ClInclude Include="command\abilityCommand.hpp">
      <Filter>Header Files</Filter>
    </ClInclude>
    <ClInclude Include="data\itemData.hpp">
      <Filter>Header Files</Filter>
    </ClInclude>
    <ClInclude Include="ui\playerHUD.hpp">
      <Filter>Header Files</Filter>
    </ClInclude>
    <ClInclude Include="ui\inventory.hpp">
      <Filter>Header Files</Filter>
    </ClInclude>
    <ClInclude Include="data\monsterData.hpp">
      <Filter>Header Files</Filter>
    </ClInclude>
    <ClInclude Include="data\raceData.hpp">
      <Filter>Header Files</Filter>
    </ClInclude>
    <ClInclude Include="data\knownAbility.hpp">
      <Filter>Header Files</Filter>
    </ClInclude>
    <ClInclude Include="entity\loot.hpp">
      <Filter>Header Files</Filter>
    </ClInclude>
    <ClInclude Include="ui\lootWindow.hpp">
      <Filter>Header Files</Filter>
    </ClInclude>
    <ClInclude Include="command\itemCommand.hpp">
      <Filter>Header Files</Filter>
    </ClInclude>
    <ClInclude Include="ui\cursorContainer.hpp">
      <Filter>Header Files</Filter>
    </ClInclude>
    <ClInclude Include="ui\richText.hpp">
      <Filter>Header Files</Filter>
    </ClInclude>
    <ClInclude Include="data\id\rarity.hpp">
      <Filter>Header Files</Filter>
    </ClInclude>
    <ClInclude Include="ui\tooltip.hpp">
      <Filter>Header Files</Filter>
    </ClInclude>
    <ClInclude Include="data\dataString.hpp">
      <Filter>Header Files</Filter>
    </ClInclude>
    <ClInclude Include="ui\spellbook.hpp">
      <Filter>Header Files</Filter>
    </ClInclude>
    <ClInclude Include="data\aura.hpp">
      <Filter>Header Files</Filter>
    </ClInclude>
    <ClInclude Include="data\auraData.hpp">
      <Filter>Header Files</Filter>
    </ClInclude>
    <ClInclude Include="ui\messageLog.hpp">
      <Filter>Header Files</Filter>
    </ClInclude>
    <ClInclude Include="ui\actorHUD.hpp">
      <Filter>Header Files</Filter>
    </ClInclude>
    <ClInclude Include="ui\wordWrap.hpp">
      <Filter>Header Files</Filter>
    </ClInclude>
    <ClInclude Include="ui\rarityColor.hpp">
      <Filter>Header Files</Filter>
    </ClInclude>
    <ClInclude Include="core\records.hpp">
      <Filter>Header Files</Filter>
    </ClInclude>
    <ClInclude Include="ui\statWindow.hpp">
      <Filter>Header Files</Filter>
    </ClInclude>
    <ClInclude Include="ui\learnAbilityWindow.hpp">
      <Filter>Header Files</Filter>
    </ClInclude>
    <ClInclude Include="data\id\eventType.hpp">
      <Filter>Header Files</Filter>
    </ClInclude>
    <ClInclude Include="ui\button.hpp">
      <Filter>Header Files</Filter>
    </ClInclude>
    <ClInclude Include="entity\shop.hpp">
      <Filter>Header Files</Filter>
    </ClInclude>
    <ClInclude Include="ui\shopWindow.hpp">
      <Filter>Header Files</Filter>
    </ClInclude>
    <ClInclude Include="scene\mainMenuScene.hpp">
      <Filter>Header Files</Filter>
    </ClInclude>
    <ClInclude Include="core\saveFile.hpp">
      <Filter>Header Files</Filter>
    </ClInclude>
    <ClInclude Include="ui\fctManager.hpp">
      <Filter>Header Files</Filter>
    </ClInclude>
    <ClInclude Include="ui\minimap.hpp">
      <Filter>Header Files</Filter>
    </ClInclude>
    <ClInclude Include="ui\inspectWindow.hpp">
      <Filter>Header Files</Filter>
    </ClInclude>
  </ItemGroup>
</Project>